
Microsoft Visual Studio Solution File, Format Version 12.00
# Visual Studio Version 17
VisualStudioVersion = 17.5.33414.496
MinimumVisualStudioVersion = 10.0.40219.1
Project("{FAE04EC0-301F-11D3-BF4B-00C04F79EFBC}") = "TaxiPark", "TaxiPark\TaxiPark.csproj", "{1F407A52-BCF4-4FE8-9C9B-08989CAEE1BD}"
EndProject
Global
	GlobalSection(SolutionConfigurationPlatforms) = preSolution
		Debug|Any CPU = Debug|Any CPU
		Release|Any CPU = Release|Any CPU
	EndGlobalSection
	GlobalSection(ProjectConfigurationPlatforms) = postSolution
		{1F407A52-BCF4-4FE8-9C9B-08989CAEE1BD}.Debug|Any CPU.ActiveCfg = Debug|Any CPU
		{1F407A52-BCF4-4FE8-9C9B-08989CAEE1BD}.Debug|Any CPU.Build.0 = Debug|Any CPU
		{1F407A52-BCF4-4FE8-9C9B-08989CAEE1BD}.Release|Any CPU.ActiveCfg = Release|Any CPU
		{1F407A52-BCF4-4FE8-9C9B-08989CAEE1BD}.Release|Any CPU.Build.0 = Release|Any CPU
	EndGlobalSection
	GlobalSection(SolutionProperties) = preSolution
		HideSolutionNode = FALSE
	EndGlobalSection
	GlobalSection(ExtensibilityGlobals) = postSolution
		SolutionGuid = {601EADC1-49E6-40B4-8FEF-1D90F6802220}
	EndGlobalSection
EndGlobal
